
Microsoft Visual Studio Solution File, Format Version 12.00
# Visual Studio Version 17
VisualStudioVersion = 17.4.33110.190
MinimumVisualStudioVersion = 10.0.40219.1
Project("{FAE04EC0-301F-11D3-BF4B-00C04F79EFBC}") = "Word Pattern", "Word Pattern\Word Pattern.csproj", "{988087B5-01D6-4EAD-9B9E-E4931DDF953A}"
EndProject
Global
	GlobalSection(SolutionConfigurationPlatforms) = preSolution
		Debug|Any CPU = Debug|Any CPU
		Release|Any CPU = Release|Any CPU
	EndGlobalSection
	GlobalSection(ProjectConfigurationPlatforms) = postSolution
		{988087B5-01D6-4EAD-9B9E-E4931DDF953A}.Debug|Any CPU.ActiveCfg = Debug|Any CPU
		{988087B5-01D6-4EAD-9B9E-E4931DDF953A}.Debug|Any CPU.Build.0 = Debug|Any CPU
		{988087B5-01D6-4EAD-9B9E-E4931DDF953A}.Release|Any CPU.ActiveCfg = Release|Any CPU
		{988087B5-01D6-4EAD-9B9E-E4931DDF953A}.Release|Any CPU.Build.0 = Release|Any CPU
	EndGlobalSection
	GlobalSection(SolutionProperties) = preSolution
		HideSolutionNode = FALSE
	EndGlobalSection
	GlobalSection(ExtensibilityGlobals) = postSolution
		SolutionGuid = {2909754E-6CE3-444B-8079-6A005C524ED5}
	EndGlobalSection
EndGlobal
